
Microsoft Visual Studio Solution File, Format Version 12.00
# Visual Studio Version 17
VisualStudioVersion = 17.12.35728.132 d17.12
MinimumVisualStudioVersion = 10.0.40219.1
Project("{FAE04EC0-301F-11D3-BF4B-00C04F79EFBC}") = "HR_DataAccessLayer", "HR_DataAccessLayer\HR_DataAccessLayer.csproj", "{FF4BC568-C236-424B-92DD-0B1C5E4627E3}"
EndProject
Project("{FAE04EC0-301F-11D3-BF4B-00C04F79EFBC}") = "HR_BusinessLayer", "HR_BusinessLayer\HR_BusinessLayer.csproj", "{F5E757D6-DFC3-4E30-A83B-3A39665F1D97}"
EndProject
Project("{FAE04EC0-301F-11D3-BF4B-00C04F79EFBC}") = "HR_PresentationLayer", "HR_PresentationLayer\HR_PresentationLayer.csproj", "{4749B436-F622-4AAF-AF96-D63B234CC583}"
EndProject
Global
	GlobalSection(SolutionConfigurationPlatforms) = preSolution
		Debug|Any CPU = Debug|Any CPU
		Release|Any CPU = Release|Any CPU
	EndGlobalSection
	GlobalSection(ProjectConfigurationPlatforms) = postSolution
		{FF4BC568-C236-424B-92DD-0B1C5E4627E3}.Debug|Any CPU.ActiveCfg = Debug|Any CPU
		{FF4BC568-C236-424B-92DD-0B1C5E4627E3}.Debug|Any CPU.Build.0 = Debug|Any CPU
		{FF4BC568-C236-424B-92DD-0B1C5E4627E3}.Release|Any CPU.ActiveCfg = Release|Any CPU
		{FF4BC568-C236-424B-92DD-0B1C5E4627E3}.Release|Any CPU.Build.0 = Release|Any CPU
		{F5E757D6-DFC3-4E30-A83B-3A39665F1D97}.Debug|Any CPU.ActiveCfg = Debug|Any CPU
		{F5E757D6-DFC3-4E30-A83B-3A39665F1D97}.Debug|Any CPU.Build.0 = Debug|Any CPU
		{F5E757D6-DFC3-4E30-A83B-3A39665F1D97}.Release|Any CPU.ActiveCfg = Release|Any CPU
		{F5E757D6-DFC3-4E30-A83B-3A39665F1D97}.Release|Any CPU.Build.0 = Release|Any CPU
		{4749B436-F622-4AAF-AF96-D63B234CC583}.Debug|Any CPU.ActiveCfg = Debug|Any CPU
		{4749B436-F622-4AAF-AF96-D63B234CC583}.Debug|Any CPU.Build.0 = Debug|Any CPU
		{4749B436-F622-4AAF-AF96-D63B234CC583}.Release|Any CPU.ActiveCfg = Release|Any CPU
		{4749B436-F622-4AAF-AF96-D63B234CC583}.Release|Any CPU.Build.0 = Release|Any CPU
	EndGlobalSection
	GlobalSection(SolutionProperties) = preSolution
		HideSolutionNode = FALSE
	EndGlobalSection
EndGlobal
